// !$*UTF8*$!
{
	archiveVersion = 1;
	classes = {
	};
	objectVersion = 48;
	objects = {

/* Begin PBXBuildFile section */
		050B67C120133FA000E872C8 /* AppDelegate.swift in Sources */ = {isa = PBXBuildFile; fileRef = 050B67C020133FA000E872C8 /* AppDelegate.swift */; };
		050B67C320133FA000E872C8 /* TodoListViewController.swift in Sources */ = {isa = PBXBuildFile; fileRef = 050B67C220133FA000E872C8 /* TodoListViewController.swift */; };
		050B67C620133FA000E872C8 /* Main.storyboard in Resources */ = {isa = PBXBuildFile; fileRef = 050B67C420133FA000E872C8 /* Main.storyboard */; };
		050B67C820133FA000E872C8 /* Assets.xcassets in Resources */ = {isa = PBXBuildFile; fileRef = 050B67C720133FA000E872C8 /* Assets.xcassets */; };
		050B67CB20133FA000E872C8 /* LaunchScreen.storyboard in Resources */ = {isa = PBXBuildFile; fileRef = 050B67C920133FA000E872C8 /* LaunchScreen.storyboard */; };
		0521943A202CAEBD00DC6562 /* CategoryViewController.swift in Sources */ = {isa = PBXBuildFile; fileRef = 05219439202CAEBC00DC6562 /* CategoryViewController.swift */; };
		053538A6202C627800108918 /* DataModel.xcdatamodeld in Sources */ = {isa = PBXBuildFile; fileRef = 053538A4202C627800108918 /* DataModel.xcdatamodeld */; };
/* End PBXBuildFile section */

/* Begin PBXFileReference section */
		050B67BD20133FA000E872C8 /* Todoey.app */ = {isa = PBXFileReference; explicitFileType = wrapper.application; includeInIndex = 0; path = Todoey.app; sourceTree = BUILT_PRODUCTS_DIR; };
		050B67C020133FA000E872C8 /* AppDelegate.swift */ = {isa = PBXFileReference; lastKnownFileType = sourcecode.swift; path = AppDelegate.swift; sourceTree = "<group>"; };
		050B67C220133FA000E872C8 /* TodoListViewController.swift */ = {isa = PBXFileReference; lastKnownFileType = sourcecode.swift; path = TodoListViewController.swift; sourceTree = "<group>"; };
		050B67C520133FA000E872C8 /* Base */ = {isa = PBXFileReference; lastKnownFileType = file.storyboard; name = Base; path = Base.lproj/Main.storyboard; sourceTree = "<group>"; };
		050B67C720133FA000E872C8 /* Assets.xcassets */ = {isa = PBXFileReference; lastKnownFileType = folder.assetcatalog; path = Assets.xcassets; sourceTree = "<group>"; };
		050B67CA20133FA000E872C8 /* Base */ = {isa = PBXFileReference; lastKnownFileType = file.storyboard; name = Base; path = Base.lproj/LaunchScreen.storyboard; sourceTree = "<group>"; };
		050B67CC20133FA000E872C8 /* Info.plist */ = {isa = PBXFileReference; lastKnownFileType = text.plist.xml; path = Info.plist; sourceTree = "<group>"; };
		05219439202CAEBC00DC6562 /* CategoryViewController.swift */ = {isa = PBXFileReference; lastKnownFileType = sourcecode.swift; path = CategoryViewController.swift; sourceTree = "<group>"; };
		053538A5202C627800108918 /* DataModel.xcdatamodel */ = {isa = PBXFileReference; lastKnownFileType = wrapper.xcdatamodel; path = DataModel.xcdatamodel; sourceTree = "<group>"; };
/* End PBXFileReference section */

/* Begin PBXFrameworksBuildPhase section */
		050B67BA20133FA000E872C8 /* Frameworks */ = {
			isa = PBXFrameworksBuildPhase;
			buildActionMask = 2147483647;
			files = (
			);
			runOnlyForDeploymentPostprocessing = 0;
		};
/* End PBXFrameworksBuildPhase section */

/* Begin PBXGroup section */
		050B67B420133FA000E872C8 = {
			isa = PBXGroup;
			children = (
				050B67BF20133FA000E872C8 /* Todoey */,
				050B67BE20133FA000E872C8 /* Products */,
			);
			sourceTree = "<group>";
		};
		050B67BE20133FA000E872C8 /* Products */ = {
			isa = PBXGroup;
			children = (
				050B67BD20133FA000E872C8 /* Todoey.app */,
			);
			name = Products;
			sourceTree = "<group>";
		};
		050B67BF20133FA000E872C8 /* Todoey */ = {
			isa = PBXGroup;
			children = (
				050B67C020133FA000E872C8 /* AppDelegate.swift */,
				0565FD672028C4110046BD10 /* Controllers */,
				0565FD662028C3FE0046BD10 /* Data Model */,
				0565FD682028C4240046BD10 /* Views */,
				0565FD692028C4830046BD10 /* Supporting Files */,
				050B67CC20133FA000E872C8 /* Info.plist */,
			);
			path = Todoey;
			sourceTree = "<group>";
		};
		0565FD662028C3FE0046BD10 /* Data Model */ = {
			isa = PBXGroup;
			children = (
				053538A4202C627800108918 /* DataModel.xcdatamodeld */,
			);
			path = "Data Model";
			sourceTree = "<group>";
		};
		0565FD672028C4110046BD10 /* Controllers */ = {
			isa = PBXGroup;
			children = (
				05219439202CAEBC00DC6562 /* CategoryViewController.swift */,
				050B67C220133FA000E872C8 /* TodoListViewController.swift */,
			);
			path = Controllers;
			sourceTree = "<group>";
		};
		0565FD682028C4240046BD10 /* Views */ = {
			isa = PBXGroup;
			children = (
				050B67C420133FA000E872C8 /* Main.storyboard */,
			);
			path = Views;
			sourceTree = "<group>";
		};
		0565FD692028C4830046BD10 /* Supporting Files */ = {
			isa = PBXGroup;
			children = (
				050B67C720133FA000E872C8 /* Assets.xcassets */,
				050B67C920133FA000E872C8 /* LaunchScreen.storyboard */,
			);
			path = "Supporting Files";
			sourceTree = "<group>";
		};
/* End PBXGroup section */

/* Begin PBXNativeTarget section */
		050B67BC20133FA000E872C8 /* Todoey */ = {
			isa = PBXNativeTarget;
			buildConfigurationList = 050B67CF20133FA000E872C8 /* Build configuration list for PBXNativeTarget "Todoey" */;
			buildPhases = (
				050B67B920133FA000E872C8 /* Sources */,
				050B67BA20133FA000E872C8 /* Frameworks */,
				050B67BB20133FA000E872C8 /* Resources */,
			);
			buildRules = (
			);
			dependencies = (
			);
			name = Todoey;
			productName = Todoey;
			productReference = 050B67BD20133FA000E872C8 /* Todoey.app */;
			productType = "com.apple.product-type.application";
		};
/* End PBXNativeTarget section */

/* Begin PBXProject section */
		050B67B520133FA000E872C8 /* Project object */ = {
			isa = PBXProject;
			attributes = {
				LastSwiftUpdateCheck = 0920;
				LastUpgradeCheck = 0920;
				ORGANIZATIONNAME = "Xiu Design";
				TargetAttributes = {
					050B67BC20133FA000E872C8 = {
						CreatedOnToolsVersion = 9.2;
						ProvisioningStyle = Automatic;
					};
				};
			};
			buildConfigurationList = 050B67B820133FA000E872C8 /* Build configuration list for PBXProject "Todoey" */;
			compatibilityVersion = "Xcode 8.0";
			developmentRegion = en;
			hasScannedForEncodings = 0;
			knownRegions = (
				en,
				Base,
			);
			mainGroup = 050B67B420133FA000E872C8;
			productRefGroup = 050B67BE20133FA000E872C8 /* Products */;
			projectDirPath = "";
			projectRoot = "";
			targets = (
				050B67BC20133FA000E872C8 /* Todoey */,
			);
		};
/* End PBXProject section */

/* Begin PBXResourcesBuildPhase section */
		050B67BB20133FA000E872C8 /* Resources */ = {
			isa = PBXResourcesBuildPhase;
			buildActionMask = 2147483647;
			files = (
				050B67CB20133FA000E872C8 /* LaunchScreen.storyboard in Resources */,
				050B67C820133FA000E872C8 /* Assets.xcassets in Resources */,
				050B67C620133FA000E872C8 /* Main.storyboard in Resources */,
			);
			runOnlyForDeploymentPostprocessing = 0;
		};
/* End PBXResourcesBuildPhase section */

/* Begin PBXSourcesBuildPhase section */
		050B67B920133FA000E872C8 /* Sources */ = {
			isa = PBXSourcesBuildPhase;
			buildActionMask = 2147483647;
			files = (
				0521943A202CAEBD00DC6562 /* CategoryViewController.swift in Sources */,
				050B67C320133FA000E872C8 /* TodoListViewController.swift in Sources */,
				053538A6202C627800108918 /* DataModel.xcdatamodeld in Sources */,
				050B67C120133FA000E872C8 /* AppDelegate.swift in Sources */,
			);
			runOnlyForDeploymentPostprocessing = 0;
		};
/* End PBXSourcesBuildPhase section */

/* Begin PBXVariantGroup section */
		050B67C420133FA000E872C8 /* Main.storyboard */ = {
			isa = PBXVariantGroup;
			children = (
				050B67C520133FA000E872C8 /* Base */,
			);
			name = Main.storyboard;
			sourceTree = "<group>";
		};
		050B67C920133FA000E872C8 /* LaunchScreen.storyboard */ = {
			isa = PBXVariantGroup;
			children = (
				050B67CA20133FA000E872C8 /* Base */,
			);
			name = LaunchScreen.storyboard;
			sourceTree = "<group>";
		};
/* End PBXVariantGroup section */

/* Begin XCBuildConfiguration section */
		050B67CD20133FA000E872C8 /* Debug */ = {
			isa = XCBuildConfiguration;
			buildSettings = {
				ALWAYS_SEARCH_USER_PATHS = NO;
				CLANG_ANALYZER_NONNULL = YES;
				CLANG_ANALYZER_NUMBER_OBJECT_CONVERSION = YES_AGGRESSIVE;
				CLANG_CXX_LANGUAGE_STANDARD = "gnu++14";
				CLANG_CXX_LIBRARY = "libc++";
				CLANG_ENABLE_MODULES = YES;
				CLANG_ENABLE_OBJC_ARC = YES;
				CLANG_WARN_BLOCK_CAPTURE_AUTORELEASING = YES;
				CLANG_WARN_BOOL_CONVERSION = YES;
				CLANG_WARN_COMMA = YES;
				CLANG_WARN_CONSTANT_CONVERSION = YES;
				CLANG_WARN_DIRECT_OBJC_ISA_USAGE = YES_ERROR;
				CLANG_WARN_DOCUMENTATION_COMMENTS = YES;
				CLANG_WARN_EMPTY_BODY = YES;
				CLANG_WARN_ENUM_CONVERSION = YES;
				CLANG_WARN_INFINITE_RECURSION = YES;
				CLANG_WARN_INT_CONVERSION = YES;
				CLANG_WARN_NON_LITERAL_NULL_CONVERSION = YES;
				CLANG_WARN_OBJC_LITERAL_CONVERSION = YES;
				CLANG_WARN_OBJC_ROOT_CLASS = YES_ERROR;
				CLANG_WARN_RANGE_LOOP_ANALYSIS = YES;
				CLANG_WARN_STRICT_PROTOTYPES = YES;
				CLANG_WARN_SUSPICIOUS_MOVE = YES;
				CLANG_WARN_UNGUARDED_AVAILABILITY = YES_AGGRESSIVE;
				CLANG_WARN_UNREACHABLE_CODE = YES;
				CLANG_WARN__DUPLICATE_METHOD_MATCH = YES;
				CODE_SIGN_IDENTITY = "iPhone Developer";
				COPY_PHASE_STRIP = NO;
				DEBUG_INFORMATION_FORMAT = dwarf;
				ENABLE_STRICT_OBJC_MSGSEND = YES;
				ENABLE_TESTABILITY = YES;
				GCC_C_LANGUAGE_STANDARD = gnu11;
				GCC_DYNAMIC_NO_PIC = NO;
				GCC_NO_COMMON_BLOCKS = YES;
				GCC_OPTIMIZATION_LEVEL = 0;
				GCC_PREPROCESSOR_DEFINITIONS = (
					"DEBUG=1",
					"$(inherited)",
				);
				GCC_WARN_64_TO_32_BIT_CONVERSION = YES;
				GCC_WARN_ABOUT_RETURN_TYPE = YES_ERROR;
				GCC_WARN_UNDECLARED_SELECTOR = YES;
				GCC_WARN_UNINITIALIZED_AUTOS = YES_AGGRESSIVE;
				GCC_WARN_UNUSED_FUNCTION = YES;
				GCC_WARN_UNUSED_VARIABLE = YES;
				IPHONEOS_DEPLOYMENT_TARGET = 11.2;
				MTL_ENABLE_DEBUG_INFO = YES;
				ONLY_ACTIVE_ARCH = YES;
				SDKROOT = iphoneos;
				SWIFT_ACTIVE_COMPILATION_CONDITIONS = DEBUG;
				SWIFT_OPTIMIZATION_LEVEL = "-Onone";
			};
			name = Debug;
		};
		050B67CE20133FA000E872C8 /* Release */ = {
			isa = XCBuildConfiguration;
			buildSettings = {
				ALWAYS_SEARCH_USER_PATHS = NO;
				CLANG_ANALYZER_NONNULL = YES;
				CLANG_ANALYZER_NUMBER_OBJECT_CONVERSION = YES_AGGRESSIVE;
				CLANG_CXX_LANGUAGE_STANDARD = "gnu++14";
				CLANG_CXX_LIBRARY = "libc++";
				CLANG_ENABLE_MODULES = YES;
				CLANG_ENABLE_OBJC_ARC = YES;
				CLANG_WARN_BLOCK_CAPTURE_AUTORELEASING = YES;
				CLANG_WARN_BOOL_CONVERSION = YES;
				CLANG_WARN_COMMA = YES;
				CLANG_WARN_CONSTANT_CONVERSION = YES;
				CLANG_WARN_DIRECT_OBJC_ISA_USAGE = YES_ERROR;
				CLANG_WARN_DOCUMENTATION_COMMENTS = YES;
				CLANG_WARN_EMPTY_BODY = YES;
				CLANG_WARN_ENUM_CONVERSION = YES;
				CLANG_WARN_INFINITE_RECURSION = YES;
				CLANG_WARN_INT_CONVERSION = YES;
				CLANG_WARN_NON_LITERAL_NULL_CONVERSION = YES;
				CLANG_WARN_OBJC_LITERAL_CONVERSION = YES;
				CLANG_WARN_OBJC_ROOT_CLASS = YES_ERROR;
				CLANG_WARN_RANGE_LOOP_ANALYSIS = YES;
				CLANG_WARN_STRICT_PROTOTYPES = YES;
				CLANG_WARN_SUSPICIOUS_MOVE = YES;
				CLANG_WARN_UNGUARDED_AVAILABILITY = YES_AGGRESSIVE;
				CLANG_WARN_UNREACHABLE_CODE = YES;
				CLANG_WARN__DUPLICATE_METHOD_MATCH = YES;
				CODE_SIGN_IDENTITY = "iPhone Developer";
				COPY_PHASE_STRIP = NO;
				DEBUG_INFORMATION_FORMAT = "dwarf-with-dsym";
				ENABLE_NS_ASSERTIONS = NO;
				ENABLE_STRICT_OBJC_MSGSEND = YES;
				GCC_C_LANGUAGE_STANDARD = gnu11;
				GCC_NO_COMMON_BLOCKS = YES;
				GCC_WARN_64_TO_32_BIT_CONVERSION = YES;
				GCC_WARN_ABOUT_RETURN_TYPE = YES_ERROR;
				GCC_WARN_UNDECLARED_SELECTOR = YES;
				GCC_WARN_UNINITIALIZED_AUTOS = YES_AGGRESSIVE;
				GCC_WARN_UNUSED_FUNCTION = YES;
				GCC_WARN_UNUSED_VARIABLE = YES;
				IPHONEOS_DEPLOYMENT_TARGET = 11.2;
				MTL_ENABLE_DEBUG_INFO = NO;
				SDKROOT = iphoneos;
				SWIFT_OPTIMIZATION_LEVEL = "-Owholemodule";
				VALIDATE_PRODUCT = YES;
			};
			name = Release;
		};
		050B67D020133FA000E872C8 /* Debug */ = {
			isa = XCBuildConfiguration;
			buildSettings = {
				ASSETCATALOG_COMPILER_APPICON_NAME = AppIcon;
				CODE_SIGN_STYLE = Automatic;
				DEVELOPMENT_TEAM = 2D2QZK5AYH;
				INFOPLIST_FILE = Todoey/Info.plist;
				LD_RUNPATH_SEARCH_PATHS = "$(inherited) @executable_path/Frameworks";
				PRODUCT_BUNDLE_IDENTIFIER = com.tristantay.Todoey;
				PRODUCT_NAME = "$(TARGET_NAME)";
				SWIFT_VERSION = 4.0;
				TARGETED_DEVICE_FAMILY = "1,2";
			};
			name = Debug;
		};
		050B67D120133FA000E872C8 /* Release */ = {
			isa = XCBuildConfiguration;
			buildSettings = {
				ASSETCATALOG_COMPILER_APPICON_NAME = AppIcon;
				CODE_SIGN_STYLE = Automatic;
				DEVELOPMENT_TEAM = 2D2QZK5AYH;
				INFOPLIST_FILE = Todoey/Info.plist;
				LD_RUNPATH_SEARCH_PATHS = "$(inherited) @executable_path/Frameworks";
				PRODUCT_BUNDLE_IDENTIFIER = com.tristantay.Todoey;
				PRODUCT_NAME = "$(TARGET_NAME)";
				SWIFT_VERSION = 4.0;
				TARGETED_DEVICE_FAMILY = "1,2";
			};
			name = Release;
		};
/* End XCBuildConfiguration section */

/* Begin XCConfigurationList section */
		050B67B820133FA000E872C8 /* Build configuration list for PBXProject "Todoey" */ = {
			isa = XCConfigurationList;
			buildConfigurations = (
				050B67CD20133FA000E872C8 /* Debug */,
				050B67CE20133FA000E872C8 /* Release */,
			);
			defaultConfigurationIsVisible = 0;
			defaultConfigurationName = Release;
		};
		050B67CF20133FA000E872C8 /* Build configuration list for PBXNativeTarget "Todoey" */ = {
			isa = XCConfigurationList;
			buildConfigurations = (
				050B67D020133FA000E872C8 /* Debug */,
				050B67D120133FA000E872C8 /* Release */,
			);
			defaultConfigurationIsVisible = 0;
			defaultConfigurationName = Release;
		};
/* End XCConfigurationList section */

/* Begin XCVersionGroup section */
		053538A4202C627800108918 /* DataModel.xcdatamodeld */ = {
			isa = XCVersionGroup;
			children = (
				053538A5202C627800108918 /* DataModel.xcdatamodel */,
			);
			currentVersion = 053538A5202C627800108918 /* DataModel.xcdatamodel */;
			path = DataModel.xcdatamodeld;
			sourceTree = "<group>";
			versionGroupType = wrapper.xcdatamodel;
		};
/* End XCVersionGroup section */
	};
	rootObject = 050B67B520133FA000E872C8 /* Project object */;
}
